
Microsoft Visual Studio Solution File, Format Version 12.00
# Visual Studio Version 16
VisualStudioVersion = 16.0.32602.291
MinimumVisualStudioVersion = 10.0.40219.1
Project("{FAE04EC0-301F-11D3-BF4B-00C04F79EFBC}") = "Proje_Hastane", "Proje_Hastane\Proje_Hastane.csproj", "{71AB8CDA-F76B-45EC-9266-481C9DF582E7}"
EndProject
Global
	GlobalSection(SolutionConfigurationPlatforms) = preSolution
		Debug|Any CPU = Debug|Any CPU
		Release|Any CPU = Release|Any CPU
	EndGlobalSection
	GlobalSection(ProjectConfigurationPlatforms) = postSolution
		{71AB8CDA-F76B-45EC-9266-481C9DF582E7}.Debug|Any CPU.ActiveCfg = Debug|Any CPU
		{71AB8CDA-F76B-45EC-9266-481C9DF582E7}.Debug|Any CPU.Build.0 = Debug|Any CPU
		{71AB8CDA-F76B-45EC-9266-481C9DF582E7}.Release|Any CPU.ActiveCfg = Release|Any CPU
		{71AB8CDA-F76B-45EC-9266-481C9DF582E7}.Release|Any CPU.Build.0 = Release|Any CPU
	EndGlobalSection
	GlobalSection(SolutionProperties) = preSolution
		HideSolutionNode = FALSE
	EndGlobalSection
	GlobalSection(ExtensibilityGlobals) = postSolution
		SolutionGuid = {92DB3B1E-C97B-4992-95E6-F4E58DAF7E52}
	EndGlobalSection
EndGlobal
